{
  "nodes": {
    "deps": {
      "inputs": {
        "lowrisc_edalize_src": "lowrisc_edalize_src",
        "lowrisc_fusesoc_src": "lowrisc_fusesoc_src",
        "nixpkgs": [
          "nixpkgs"
        ]
      },
      "locked": {
        "narHash": "sha256-woo1tnTDJrKTwHJ64w23ucybDohg60JBenzgju66s0w=",
        "path": "./dependencies",
        "type": "path"
      },
      "original": {
        "path": "./dependencies",
        "type": "path"
      }
    },
    "flake-utils": {
      "locked": {
        "lastModified": 1642700792,
        "narHash": "sha256-XqHrk7hFb+zBvRg6Ghl+AZDq03ov6OshJLiSWOoX5es=",
        "owner": "numtide",
        "repo": "flake-utils",
        "rev": "846b2ae0fc4cc943637d3d1def4454213e203cba",
        "type": "github"
      },
      "original": {
        "owner": "numtide",
        "repo": "flake-utils",
        "type": "github"
      }
    },
    "lowrisc_edalize_src": {
      "flake": false,
      "locked": {
        "lastModified": 1649340101,
        "narHash": "sha256-iIf7bUBE2SeS/TByUNL9wI1LswlHTmgHYGJltWXNUWE=",
        "owner": "lowRISC",
        "repo": "edalize",
        "rev": "5ae2c3e1ca306e27d81ce5fcc769f62cb7ac42d0",
        "type": "github"
      },
      "original": {
        "owner": "lowRISC",
        "ref": "ot-0.2",
        "repo": "edalize",
        "type": "github"
      }
    },
    "lowrisc_fusesoc_src": {
      "flake": false,
      "locked": {
        "lastModified": 1646915773,
        "narHash": "sha256-HFrx6vjthNbhrIeV4vNW3YmmqBwqb6lX8lu0dcmQnQM=",
        "owner": "lowRISC",
        "repo": "fusesoc",
        "rev": "c64ca392382b0c432c893d5ce4a93b77af213fdf",
        "type": "github"
      },
      "original": {
        "owner": "lowRISC",
        "ref": "ot-0.2",
        "repo": "fusesoc",
        "type": "github"
      }
    },
    "mach-nix": {
      "inputs": {
        "flake-utils": "flake-utils",
        "nixpkgs": "nixpkgs",
        "pypi-deps-db": "pypi-deps-db"
      },
      "locked": {
        "lastModified": 1643953409,
        "narHash": "sha256-CJDg/RpZdUVyI3QIAXUqIoYDl7VkxFtNE4JWih0ucKc=",
        "owner": "DavHau",
        "repo": "mach-nix",
        "rev": "fe5255e6fd8df57e9507b7af82fc59dda9e9ff2b",
        "type": "github"
      },
      "original": {
        "id": "mach-nix",
        "ref": "3.4.0",
        "type": "indirect"
      }
    },
    "nixpkgs": {
      "locked": {
        "lastModified": 1643805626,
        "narHash": "sha256-AXLDVMG+UaAGsGSpOtQHPIKB+IZ0KSd9WS77aanGzgc=",
        "owner": "NixOS",
        "repo": "nixpkgs",
        "rev": "554d2d8aa25b6e583575459c297ec23750adb6cb",
        "type": "github"
      },
      "original": {
        "id": "nixpkgs",
        "ref": "nixos-unstable",
        "type": "indirect"
      }
    },
    "nixpkgs_2": {
      "locked": {
        "lastModified": 1656338871,
        "narHash": "sha256-+LOvZFt3MpWtrxXLH4igQtRVzyD43VnuTJjDVbt7phY=",
        "owner": "NixOS",
        "repo": "nixpkgs",
        "rev": "819e4d63fc7f337a822a049fd055cd7615a5e0d6",
        "type": "github"
      },
      "original": {
        "id": "nixpkgs",
        "type": "indirect"
      }
    },
    "pypi-deps-db": {
      "flake": false,
      "locked": {
        "lastModified": 1643877077,
        "narHash": "sha256-jv8pIvRFTP919GybOxXE5TfOkrjTbdo9QiCO1TD3ZaY=",
        "owner": "DavHau",
        "repo": "pypi-deps-db",
        "rev": "da53397f0b782b0b18deb72ef8e0fb5aa7c98aa3",
        "type": "github"
      },
      "original": {
        "owner": "DavHau",
        "repo": "pypi-deps-db",
        "type": "github"
      }
    },
    "root": {
      "inputs": {
        "deps": "deps",
        "mach-nix": "mach-nix",
        "nixpkgs": "nixpkgs_2"
      }
    }
  },
  "root": "root",
  "version": 7
}
